<?xml version="1.0" encoding="utf-8"?>
<Project ToolsVersion="4.0" xmlns="http://schemas.microsoft.com/developer/msbuild/2003">
  <ItemGroup>
    <Filter Include="Source Files">
      <UniqueIdentifier>{4FC737F1-C7A5-4376-A066-2A32D752A2FF}</UniqueIdentifier>
      <Extensions>cpp;c;cc;cxx;c++;cppm;ixx;def;odl;idl;hpj;bat;asm;asmx</Extensions>
    </Filter>
    <Filter Include="Header Files">
      <UniqueIdentifier>{93995380-89BD-4b04-88EB-625FBE52EBFB}</UniqueIdentifier>
      <Extensions>h;hh;hpp;hxx;h++;hm;inl;inc;ipp;xsd</Extensions>
    </Filter>
    <Filter Include="Resource Files">
      <UniqueIdentifier>{67DA6AB6-F800-4c08-8B7A-83BB121AAD01}</UniqueIdentifier>
      <Extensions>rc;ico;cur;bmp;dlg;rc2;rct;bin;rgs;gif;jpg;jpeg;jpe;resx;tiff;tif;png;wav;mfcribbon-ms</Extensions>
    </Filter>
    <Filter Include="Header Files\ccOS">
      <UniqueIdentifier>{f3720f0c-dc30-40fb-bc1c-1ffc569c8a5e}</UniqueIdentifier>
    </Filter>
    <Filter Include="Header Files\ccOS\ccNOos">
      <UniqueIdentifier>{0aea5263-6ab1-441b-a801-8e676e387858}</UniqueIdentifier>
    </Filter>
    <Filter Include="Header Files\ccOS\ccNOos\tests">
      <UniqueIdentifier>{b72117eb-476e-48b7-9fab-e42ff86d486c}</UniqueIdentifier>
    </Filter>
    <Filter Include="Header Files\ccOS\ccNOos\tests\testApps">
      <UniqueIdentifier>{8b9c3c16-cc6f-4b10-b534-1f7346005599}</UniqueIdentifier>
    </Filter>
    <Filter Include="Header Files\ccOS\ccNOos\tests\testApps\SysTick">
      <UniqueIdentifier>{bf5c3056-5174-484a-b665-fc915d951c25}</UniqueIdentifier>
    </Filter>
    <Filter Include="Header Files\ccOS\ccNOos\tests\testApps\ccNOos_Tests">
      <UniqueIdentifier>{e23a300f-69e5-4d0e-b65d-87892fd70e53}</UniqueIdentifier>
    </Filter>
    <Filter Include="Header Files\ccOS\ccNOos\tests\testApps\SatComACS">
      <UniqueIdentifier>{a9568efe-feee-4362-bfe0-78e6b4129a02}</UniqueIdentifier>
    </Filter>
    <Filter Include="Header Files\ccOS\ccNOos\ioDevice">
      <UniqueIdentifier>{10fa1a56-6a55-4a73-81ad-3bbebc3a94da}</UniqueIdentifier>
    </Filter>
    <Filter Include="Header Files\ccOS\ccNOos\executionSystem">
      <UniqueIdentifier>{9b5ffd35-2e7f-4d89-ba91-36c2136be9b6}</UniqueIdentifier>
    </Filter>
    <Filter Include="Header Files\ccOS\ccNOos\consoleMenu">
      <UniqueIdentifier>{893b1b76-7959-47d2-b0e1-20e5c30c9169}</UniqueIdentifier>
    </Filter>
    <Filter Include="Header Files\ccOS\ccNOos\computeModule">
      <UniqueIdentifier>{ef85051c-0d07-4c41-8f6f-9e106e4d9ac4}</UniqueIdentifier>
    </Filter>
    <Filter Include="Header Files\ccOS\ccNOos\ccLibs">
      <UniqueIdentifier>{93a6a1ec-9052-44aa-bbaf-6fe8e39db193}</UniqueIdentifier>
    </Filter>
    <Filter Include="Header Files\ccOS\ccNOos\ccLibs\acs">
      <UniqueIdentifier>{49093b82-2e35-4c2a-910e-42743f28f153}</UniqueIdentifier>
    </Filter>
    <Filter Include="Header Files\ccOS\ccNOos\ccLibs\mcs">
      <UniqueIdentifier>{041bc710-0048-47f5-b0e9-23b78d101a27}</UniqueIdentifier>
    </Filter>
    <Filter Include="Header Files\ccOS\exeThread">
      <UniqueIdentifier>{328ee41a-ebd2-41ea-83dd-31304a038e3a}</UniqueIdentifier>
    </Filter>
    <Filter Include="Header Files\ccOS\serialComms">
      <UniqueIdentifier>{9f4fda96-47ca-4b74-95a4-e61ff18573a4}</UniqueIdentifier>
    </Filter>
    <Filter Include="Header Files\ccOS\tcpComms">
      <UniqueIdentifier>{762b505b-2fa7-4d4d-a1da-94ff5c64c977}</UniqueIdentifier>
    </Filter>
    <Filter Include="Header Files\ccOS\udpComms">
      <UniqueIdentifier>{48af5420-faa8-43da-9a18-6aa57d07570e}</UniqueIdentifier>
    </Filter>
    <Filter Include="Header Files\ccOS\osExecutionSystem">
      <UniqueIdentifier>{ae514c22-c148-405e-bcee-9b1b9e91a387}</UniqueIdentifier>
    </Filter>
    <Filter Include="Header Files\ccOS\tests">
      <UniqueIdentifier>{465ce4b9-7c13-4944-8f0f-e0137459ecf0}</UniqueIdentifier>
    </Filter>
    <Filter Include="Header Files\ccOS\stdIOExtProc">
      <UniqueIdentifier>{5f6bb23a-4a5f-44bb-a940-77c34214db2b}</UniqueIdentifier>
    </Filter>
    <Filter Include="Source Files\ccOS">
      <UniqueIdentifier>{fc04dd8c-9a9a-45b9-9af2-a92a23c96eff}</UniqueIdentifier>
    </Filter>
    <Filter Include="Source Files\ccOS\ccNOos">
      <UniqueIdentifier>{f1296e11-e07c-407e-8ef8-690c6ffeb0e3}</UniqueIdentifier>
    </Filter>
    <Filter Include="Source Files\ccOS\ccNOos\ccLibs">
      <UniqueIdentifier>{fda69a32-d637-48c7-b794-16db1a8004f7}</UniqueIdentifier>
    </Filter>
    <Filter Include="Source Files\ccOS\ccNOos\ccLibs\acs">
      <UniqueIdentifier>{32b224a9-1cdb-448f-8d2f-d429af693309}</UniqueIdentifier>
    </Filter>
    <Filter Include="Source Files\ccOS\ccNOos\ccLibs\mcs">
      <UniqueIdentifier>{4b762ba1-5910-4696-b58c-528bf9c43013}</UniqueIdentifier>
    </Filter>
    <Filter Include="Source Files\ccOS\ccNOos\computeModule">
      <UniqueIdentifier>{bde06bf1-b135-4f4a-a948-ad660ad64345}</UniqueIdentifier>
    </Filter>
    <Filter Include="Source Files\ccOS\ccNOos\consoleMenu">
      <UniqueIdentifier>{ba2f489b-81e4-43ca-a919-e6d26b9947c5}</UniqueIdentifier>
    </Filter>
    <Filter Include="Source Files\ccOS\ccNOos\executionSystem">
      <UniqueIdentifier>{ad3d324f-5bfe-4525-82c2-457f212dd2a9}</UniqueIdentifier>
    </Filter>
    <Filter Include="Source Files\ccOS\ccNOos\ioDevice">
      <UniqueIdentifier>{8b8dd9fc-8117-45a6-af13-012e49cf9c9c}</UniqueIdentifier>
    </Filter>
    <Filter Include="Source Files\ccOS\ccNOos\tests">
      <UniqueIdentifier>{25fd3d47-b59c-4148-ade6-2c7c1b70f6c5}</UniqueIdentifier>
    </Filter>
    <Filter Include="Source Files\ccOS\ccNOos\tests\testApps">
      <UniqueIdentifier>{7c720205-43eb-4b47-b338-97a110426972}</UniqueIdentifier>
    </Filter>
    <Filter Include="Source Files\ccOS\ccNOos\tests\testApps\SysTick">
      <UniqueIdentifier>{5e20241a-3564-46a4-9367-e62345e20dbc}</UniqueIdentifier>
    </Filter>
    <Filter Include="Source Files\ccOS\ccNOos\tests\testApps\SatComACS">
      <UniqueIdentifier>{ba2d6e0d-735b-422e-bb50-6aa2ed35d701}</UniqueIdentifier>
    </Filter>
    <Filter Include="Source Files\ccOS\ccNOos\tests\testApps\ccNOos_Tests">
      <UniqueIdentifier>{0c6e2158-b403-4256-ad1e-dce4f675950b}</UniqueIdentifier>
    </Filter>
    <Filter Include="Source Files\ccOS\tests">
      <UniqueIdentifier>{e26605ab-3c89-48c3-99c5-0c631c260935}</UniqueIdentifier>
    </Filter>
    <Filter Include="Source Files\ccOS\exeThread">
      <UniqueIdentifier>{d28826ee-33f7-4ab8-a466-c6ac4c4a74cb}</UniqueIdentifier>
    </Filter>
    <Filter Include="Source Files\ccOS\osExecutionSystem">
      <UniqueIdentifier>{c55570af-9455-434b-89cf-9586da3d4d5d}</UniqueIdentifier>
    </Filter>
    <Filter Include="Source Files\ccOS\serialComms">
      <UniqueIdentifier>{7aaf6b24-c972-40fd-b664-176a55722ead}</UniqueIdentifier>
    </Filter>
    <Filter Include="Source Files\ccOS\stdIOExtProc">
      <UniqueIdentifier>{55968dc6-7bc1-4431-a31f-7ec7822d956b}</UniqueIdentifier>
    </Filter>
    <Filter Include="Source Files\ccOS\tcpComms">
      <UniqueIdentifier>{a8e74ac5-7ad2-4d5a-9800-16e2ee88a988}</UniqueIdentifier>
    </Filter>
    <Filter Include="Source Files\ccOS\udpComms">
      <UniqueIdentifier>{e63e7b27-dcd4-43f8-b7de-018ece0bcc83}</UniqueIdentifier>
    </Filter>
    <Filter Include="Source Files\ccOS\tests\testApps">
      <UniqueIdentifier>{4a7e122e-4fac-4856-ac4a-ff7d1d4abb4f}</UniqueIdentifier>
    </Filter>
    <Filter Include="Header Files\ccOS\tests\testApps">
      <UniqueIdentifier>{c367ff1d-d861-4899-93ca-23b97b430376}</UniqueIdentifier>
    </Filter>
    <Filter Include="Header Files\ccOS\tests\testApps\ccOS_Tests">
      <UniqueIdentifier>{a4137522-105b-4fdd-a9b6-2b9ba9e9f89b}</UniqueIdentifier>
    </Filter>
    <Filter Include="Header Files\ccOS\tests\testApps\ccACU">
      <UniqueIdentifier>{ef740e88-ac31-4dc8-9881-c08998d60cb0}</UniqueIdentifier>
    </Filter>
    <Filter Include="Source Files\ccOS\tests\testApps\ccOS_Tests">
      <UniqueIdentifier>{549e2d8a-2112-4c93-946a-0969c3ae21ea}</UniqueIdentifier>
    </Filter>
    <Filter Include="Source Files\ccOS\tests\testApps\ccACU">
      <UniqueIdentifier>{4530b909-b2c4-4ba8-ab77-990aafdda229}</UniqueIdentifier>
    </Filter>
    <Filter Include="Header Files\ccOS\tests\testMainFiles">
      <UniqueIdentifier>{93b4ac65-0672-488a-b875-88c1a42502d8}</UniqueIdentifier>
    </Filter>
    <Filter Include="Source Files\ccOS\ccNOos\tests\testMainFiles">
      <UniqueIdentifier>{c559d2c0-8c3d-47ca-af0f-b53d5cfc9ea0}</UniqueIdentifier>
    </Filter>
    <Filter Include="Source Files\ccOS\ccNOos\tests\testMainFiles\ccNOos_Tests">
      <UniqueIdentifier>{ff327ed5-508a-4ea4-b1ba-e9ed8b6408b7}</UniqueIdentifier>
    </Filter>
    <Filter Include="Source Files\ccOS\ccNOos\tests\testMainFiles\SatComACS">
      <UniqueIdentifier>{9da3afb0-bb11-47c0-a871-ebb0082c6e68}</UniqueIdentifier>
    </Filter>
    <Filter Include="Source Files\ccOS\ccNOos\tests\testMainFiles\SysTick">
      <UniqueIdentifier>{bda70ff6-8f26-4784-8ca8-4b57d6731b02}</UniqueIdentifier>
    </Filter>
    <Filter Include="Source Files\ccOS\ccNOos\tests\testMainFiles\ccNOos_Tests\WIN32">
      <UniqueIdentifier>{2bb10c36-8128-47df-ab40-581e3e6f62b3}</UniqueIdentifier>
    </Filter>
    <Filter Include="Source Files\ccOS\ccNOos\tests\testMainFiles\SatComACS\WIN32">
      <UniqueIdentifier>{9ddd60d2-5437-4973-ba5f-c3b4b0c96793}</UniqueIdentifier>
    </Filter>
    <Filter Include="Source Files\ccOS\ccNOos\tests\testMainFiles\SysTick\WIN32">
      <UniqueIdentifier>{ad0b7177-fc8d-4760-9654-916ce2ae2022}</UniqueIdentifier>
    </Filter>
    <Filter Include="Source Files\ccOS\ccLibs">
      <UniqueIdentifier>{480045b7-9efa-4bb6-ae64-91c5ef39235f}</UniqueIdentifier>
    </Filter>
    <Filter Include="Source Files\ccOS\ccLibs\acs">
      <UniqueIdentifier>{1e8c7ddd-bdc9-4b41-9af7-cb8007d36ea7}</UniqueIdentifier>
    </Filter>
    <Filter Include="Header Files\ccOS\ccLibs">
      <UniqueIdentifier>{8d78104c-b6a6-403a-8711-95ffbd9f25ff}</UniqueIdentifier>
    </Filter>
    <Filter Include="Header Files\ccOS\ccLibs\acs">
      <UniqueIdentifier>{08f5cf20-6c51-4c26-a7a1-04d986fe318d}</UniqueIdentifier>
    </Filter>
    <Filter Include="Header Files\ccOS\ccLibs\acs\NOAA-WMM">
      <UniqueIdentifier>{cc9f2dd0-738e-40f3-a9b6-6f648a625174}</UniqueIdentifier>
    </Filter>
    <Filter Include="Source Files\ccOS\ccLibs\acs\NOAA-WMM">
      <UniqueIdentifier>{c21191fc-6786-475a-9348-1174bea214cc}</UniqueIdentifier>
    </Filter>
    <Filter Include="Source Files\ccOS\tests\testMainFiles">
      <UniqueIdentifier>{c4d69827-3706-4824-8695-54b6017bf123}</UniqueIdentifier>
    </Filter>
    <Filter Include="Source Files\ccOS\tests\testMainFiles\ccACU">
      <UniqueIdentifier>{87c85df4-6f37-47ae-bf97-8ee1682c5dcd}</UniqueIdentifier>
    </Filter>
    <Filter Include="Source Files\ccOS\tests\testMainFiles\ccOS_Tests">
      <UniqueIdentifier>{0cfb1804-c6d9-4833-b1ca-7907e0cccb7c}</UniqueIdentifier>
    </Filter>
    <Filter Include="Source Files\ccOS\tests\testMainFiles\ccOS_Tests\WIN32">
      <UniqueIdentifier>{db25b1a6-528d-418e-99cc-4301e37c84ec}</UniqueIdentifier>
    </Filter>
    <Filter Include="Source Files\ccOS\tests\testMainFiles\ccACU\WIN32">
      <UniqueIdentifier>{a1755c6d-5d36-4c16-b062-4df0fdeb3f23}</UniqueIdentifier>
    </Filter>
    <Filter Include="Header Files\ccOS\tests\testMainFiles\ccACU">
      <UniqueIdentifier>{a11ae132-7919-4946-8e0c-b92daf74ab30}</UniqueIdentifier>
    </Filter>
    <Filter Include="Header Files\ccOS\tests\testMainFiles\ccOS_Tests">
      <UniqueIdentifier>{23249bc5-ee51-4ac6-8d57-f6fc0f84ae34}</UniqueIdentifier>
    </Filter>
    <Filter Include="Header Files\ccOS\tests\testMainFiles\ccACU\WIN32">
      <UniqueIdentifier>{0ada28e0-123a-4999-a0ed-c520a2416904}</UniqueIdentifier>
    </Filter>
    <Filter Include="Header Files\ccOS\tests\testMainFiles\ccOS_Tests\WIN32">
      <UniqueIdentifier>{51b0a54e-c292-405f-b8e4-88c84a41d987}</UniqueIdentifier>
    </Filter>
    <Filter Include="Header Files\ccOS\ccNOos\tests\testPlatforms">
      <UniqueIdentifier>{274b6bb8-e06f-4e1f-832f-f905306cf629}</UniqueIdentifier>
    </Filter>
    <Filter Include="Source Files\ccOS\ccLibs\devices">
      <UniqueIdentifier>{f3fcef72-6cdb-4528-aa94-26ef6d269538}</UniqueIdentifier>
    </Filter>
    <Filter Include="Source Files\ccOS\ccLibs\devices\adafruit_ft232h">
      <UniqueIdentifier>{43c834e3-ed9f-4590-8f1d-c679c460ef15}</UniqueIdentifier>
    </Filter>
    <Filter Include="Header Files\ccOS\ccLibs\devices">
      <UniqueIdentifier>{bd61360b-a012-43b6-a7e6-7918b318b9c2}</UniqueIdentifier>
    </Filter>
    <Filter Include="Header Files\ccOS\ccLibs\devices\adafruit_ft232h">
      <UniqueIdentifier>{76248ac8-3f7e-4f71-a1ac-2db31d53e2cf}</UniqueIdentifier>
    </Filter>
    <Filter Include="Header Files\ccOS\ccNOos\ccLibs\devices">
      <UniqueIdentifier>{13f4d953-fe3b-412a-81f6-a5efd3922e0d}</UniqueIdentifier>
    </Filter>
    <Filter Include="Header Files\ccOS\ccNOos\ccLibs\devices\ADRF6650">
      <UniqueIdentifier>{14d13628-0c6b-4619-9091-0988f7c4340a}</UniqueIdentifier>
    </Filter>
    <Filter Include="Header Files\ccOS\ccNOos\ccLibs\devices\LTC2360">
      <UniqueIdentifier>{0a19f268-ec37-4738-a44c-2613a14aaa39}</UniqueIdentifier>
    </Filter>
    <Filter Include="Header Files\ccOS\ccNOos\ccLibs\devices\HMR3300">
      <UniqueIdentifier>{1e6dfc10-90fa-4a99-9545-559ecfd558f6}</UniqueIdentifier>
    </Filter>
    <Filter Include="Header Files\ccOS\ccNOos\ccLibs\devices\NEO_LEA_M8T">
      <UniqueIdentifier>{4658e92f-937b-4fb1-aaba-059539989f4d}</UniqueIdentifier>
    </Filter>
    <Filter Include="Source Files\ccOS\ccNOos\ccLibs\devices">
      <UniqueIdentifier>{17779b86-a816-48a6-b31b-d5e7657a2c92}</UniqueIdentifier>
    </Filter>
    <Filter Include="Source Files\ccOS\ccNOos\ccLibs\devices\ADRF6650">
      <UniqueIdentifier>{7ab1265c-3b1a-46d7-91b5-8ae472399c9b}</UniqueIdentifier>
    </Filter>
    <Filter Include="Source Files\ccOS\ccNOos\ccLibs\devices\HMR3300">
      <UniqueIdentifier>{e0710126-b363-4d9d-a1e4-20924cb394c9}</UniqueIdentifier>
    </Filter>
    <Filter Include="Source Files\ccOS\ccNOos\ccLibs\devices\LTC2360">
      <UniqueIdentifier>{cbcd985f-3e4d-4e11-ba82-1228f9aa9721}</UniqueIdentifier>
    </Filter>
    <Filter Include="Source Files\ccOS\ccNOos\ccLibs\devices\NEO_LEA_M8T">
      <UniqueIdentifier>{49519a8b-6dd4-49cf-8128-39154514df16}</UniqueIdentifier>
    </Filter>
    <Filter Include="Header Files\ccOS\tests\testApps\ccACU\deviceModules">
      <UniqueIdentifier>{45202574-92d0-4c05-91d3-dbace417d206}</UniqueIdentifier>
    </Filter>
    <Filter Include="Header Files\ccOS\tests\testApps\ccACU\apiModules">
      <UniqueIdentifier>{6dbea5d8-f154-4e35-960e-2a28d7cf1c2f}</UniqueIdentifier>
    </Filter>
    <Filter Include="Header Files\ccOS\tests\testApps\ccACU\apiModules\CGI_ServerClass">
      <UniqueIdentifier>{d7d8819a-3c56-4869-8c1b-bb2b045fa2d5}</UniqueIdentifier>
    </Filter>
    <Filter Include="Header Files\ccOS\tests\testApps\ccACU\apiModules\SNMP_AgentsServer">
      <UniqueIdentifier>{2c33ea27-2735-4e6e-be67-5ec8c049163d}</UniqueIdentifier>
    </Filter>
    <Filter Include="Header Files\ccOS\tests\testApps\ccACU\apiModules\UI_ServerClass">
      <UniqueIdentifier>{e8659ed4-0919-4e59-a96d-96924df334db}</UniqueIdentifier>
    </Filter>
    <Filter Include="Header Files\ccOS\tests\testApps\ccACU\deviceModules\APT_WMM">
      <UniqueIdentifier>{217fed65-3151-4209-acd8-dab5b0870917}</UniqueIdentifier>
    </Filter>
    <Filter Include="Header Files\ccOS\tests\testApps\ccACU\deviceModules\ManagedSwitch">
      <UniqueIdentifier>{98b49242-010e-4713-9150-051e25b7bc5c}</UniqueIdentifier>
    </Filter>
    <Filter Include="Header Files\ccOS\tests\testApps\ccACU\deviceModules\Modem">
      <UniqueIdentifier>{1e6f5831-f4b0-4e1b-a3d3-722d064ade91}</UniqueIdentifier>
    </Filter>
    <Filter Include="Header Files\ccOS\tests\testApps\ccACU\deviceModules\TPM">
      <UniqueIdentifier>{6d137820-8fd9-4d06-8c7c-27aa621ddf20}</UniqueIdentifier>
    </Filter>
    <Filter Include="Header Files\ccOS\tests\testApps\ccACU\deviceModules\TxRx">
      <UniqueIdentifier>{59cd57d0-bf7d-499e-a384-227506dc6af7}</UniqueIdentifier>
    </Filter>
    <Filter Include="Source Files\ccOS\tests\testApps\ccACU\apiModules">
      <UniqueIdentifier>{94a11711-0a86-4ea9-a296-3a1e23430667}</UniqueIdentifier>
    </Filter>
    <Filter Include="Source Files\ccOS\tests\testApps\ccACU\deviceModules">
      <UniqueIdentifier>{6434ba93-4ee6-4ead-a2bf-6ff2aeb2cd07}</UniqueIdentifier>
    </Filter>
    <Filter Include="Source Files\ccOS\tests\testApps\ccACU\apiModules\CGI_ServerClass">
      <UniqueIdentifier>{22cf540d-ed20-4b0c-84d6-d622e798243d}</UniqueIdentifier>
    </Filter>
    <Filter Include="Source Files\ccOS\tests\testApps\ccACU\apiModules\SNMP_AgentsServer">
      <UniqueIdentifier>{5d9f79d2-c939-4bae-8ed2-4ed2883b1ff9}</UniqueIdentifier>
    </Filter>
    <Filter Include="Source Files\ccOS\tests\testApps\ccACU\apiModules\UI_ServerClass">
      <UniqueIdentifier>{bdcc3d7a-fe33-4336-9670-532e5889d261}</UniqueIdentifier>
    </Filter>
    <Filter Include="Source Files\ccOS\tests\testApps\ccACU\deviceModules\APT_WMM">
      <UniqueIdentifier>{4c063ba8-0448-4345-8431-0b1dad2849da}</UniqueIdentifier>
    </Filter>
    <Filter Include="Source Files\ccOS\tests\testApps\ccACU\deviceModules\ManagedSwitch">
      <UniqueIdentifier>{c610ab8c-6753-4b4b-97b2-35532894c584}</UniqueIdentifier>
    </Filter>
    <Filter Include="Source Files\ccOS\tests\testApps\ccACU\deviceModules\Modem">
      <UniqueIdentifier>{c20d5cc4-a82e-4f8a-b766-bfd9d0818485}</UniqueIdentifier>
    </Filter>
    <Filter Include="Source Files\ccOS\tests\testApps\ccACU\deviceModules\TPM">
      <UniqueIdentifier>{b1289a23-49c3-494f-b4bf-315171b63437}</UniqueIdentifier>
    </Filter>
    <Filter Include="Source Files\ccOS\tests\testApps\ccACU\deviceModules\TxRx">
      <UniqueIdentifier>{760bc181-735e-45ad-abb4-0dc6d4109df6}</UniqueIdentifier>
    </Filter>
    <Filter Include="Header Files\ccOS\ccNOos\tests\testApps\SatComACS\apiModules">
      <UniqueIdentifier>{90ba1566-5a54-47ba-9dbd-0a0af6ad2ab8}</UniqueIdentifier>
    </Filter>
    <Filter Include="Header Files\ccOS\ccNOos\tests\testApps\SatComACS\deviceModules">
      <UniqueIdentifier>{2ad70544-9787-4b07-aec9-8e9e7231fd4e}</UniqueIdentifier>
    </Filter>
    <Filter Include="Header Files\ccOS\ccNOos\tests\testApps\SatComACS\deviceModules\APT_WMM">
      <UniqueIdentifier>{c699427b-f8e4-4885-a2ab-eddd8cbec6d5}</UniqueIdentifier>
    </Filter>
    <Filter Include="Header Files\ccOS\ccNOos\tests\testApps\SatComACS\deviceModules\TPM">
      <UniqueIdentifier>{d595049f-a935-4994-88ed-0ae18016c6c1}</UniqueIdentifier>
    </Filter>
    <Filter Include="Header Files\ccOS\ccNOos\tests\testApps\SatComACS\deviceModules\TxRx">
      <UniqueIdentifier>{243cd593-6b65-492b-8dc0-8928b8c89a34}</UniqueIdentifier>
    </Filter>
    <Filter Include="Source Files\ccOS\ccNOos\tests\testApps\SatComACS\deviceModules">
      <UniqueIdentifier>{55883c89-25b9-49ee-a524-4b7a8a002ef8}</UniqueIdentifier>
    </Filter>
    <Filter Include="Source Files\ccOS\ccNOos\tests\testApps\SatComACS\deviceModules\APT_WMM">
      <UniqueIdentifier>{a6cd9cdb-de0a-4a4c-94de-761ac15e0277}</UniqueIdentifier>
    </Filter>
    <Filter Include="Source Files\ccOS\ccNOos\tests\testApps\SatComACS\deviceModules\TPM">
      <UniqueIdentifier>{88fa4df7-cb31-43ec-9eec-ccbe20c3a86e}</UniqueIdentifier>
    </Filter>
    <Filter Include="Source Files\ccOS\ccNOos\tests\testApps\SatComACS\deviceModules\TxRx">
      <UniqueIdentifier>{17cae4ca-8880-464f-8f9e-c32aeeabea6c}</UniqueIdentifier>
    </Filter>
    <Filter Include="Header Files\ccOS\ccNOos\tests\testApps\SatComACS\apiModules\ConsoleMenu">
      <UniqueIdentifier>{8293b156-b74e-4f12-9a75-8b4a4db41587}</UniqueIdentifier>
    </Filter>
    <Filter Include="Header Files\ccOS\ccNOos\tests\testApps\SatComACS\apiModules\LCDKeypad">
      <UniqueIdentifier>{a2b7e021-24e0-438c-af46-7425df9ea4ef}</UniqueIdentifier>
    </Filter>
    <Filter Include="Source Files\ccOS\ccNOos\tests\testApps\SatComACS\apiModules">
      <UniqueIdentifier>{66c1b86c-2124-41e5-a070-1b654c164e32}</UniqueIdentifier>
    </Filter>
    <Filter Include="Source Files\ccOS\ccNOos\tests\testApps\SatComACS\apiModules\ConsoleMenu">
      <UniqueIdentifier>{b5bf2544-3ab4-4882-9602-f48d25164a95}</UniqueIdentifier>
    </Filter>
    <Filter Include="Source Files\ccOS\ccNOos\tests\testApps\SatComACS\apiModules\LCDKeyPad">
      <UniqueIdentifier>{a2eefc15-13ce-4432-9499-1b5604b71c1c}</UniqueIdentifier>
    </Filter>
  </ItemGroup>
  <ItemGroup>
    <ClCompile Include="..\ccOS\ccNOos\tests\testApps\SysTick\Application_Solution.cpp">
      <Filter>Source Files\ccOS\ccNOos\tests\testApps\SysTick</Filter>
    </ClCompile>
    <ClCompile Include="..\ccOS\ccNOos\tests\testApps\SysTick\PlatformApp_Serialization.cpp">
      <Filter>Source Files\ccOS\ccNOos\tests\testApps\SysTick</Filter>
    </ClCompile>
    <ClCompile Include="..\ccOS\ccNOos\tests\testApps\SatComACS\Application_Solution.cpp">
      <Filter>Source Files\ccOS\ccNOos\tests\testApps\SatComACS</Filter>
    </ClCompile>
    <ClCompile Include="..\ccOS\ccNOos\tests\testApps\SatComACS\PlatformApp_Serialization.cpp">
      <Filter>Source Files\ccOS\ccNOos\tests\testApps\SatComACS</Filter>
    </ClCompile>
    <ClCompile Include="..\ccOS\ccNOos\tests\testApps\ccNOos_Tests\Application_Solution.cpp">
      <Filter>Source Files\ccOS\ccNOos\tests\testApps\ccNOos_Tests</Filter>
    </ClCompile>
    <ClCompile Include="..\ccOS\ccNOos\tests\testApps\ccNOos_Tests\PlatformApp_Serialization.cpp">
      <Filter>Source Files\ccOS\ccNOos\tests\testApps\ccNOos_Tests</Filter>
    </ClCompile>
    <ClCompile Include="..\ccOS\udpComms\udp_comms.cpp">
      <Filter>Source Files\ccOS\udpComms</Filter>
    </ClCompile>
    <ClCompile Include="..\ccOS\tcpComms\tcp_comms.cpp">
      <Filter>Source Files\ccOS\tcpComms</Filter>
    </ClCompile>
    <ClCompile Include="..\ccOS\stdIOExtProc\stdio_extproc.cpp">
      <Filter>Source Files\ccOS\stdIOExtProc</Filter>
    </ClCompile>
    <ClCompile Include="..\ccOS\serialComms\serial_comms.cpp">
      <Filter>Source Files\ccOS\serialComms</Filter>
    </ClCompile>
    <ClCompile Include="..\ccOS\osExecutionSystem\os_execution_system.cpp">
      <Filter>Source Files\ccOS\osExecutionSystem</Filter>
    </ClCompile>
    <ClCompile Include="..\ccOS\exeThread\exe_thread.cpp">
      <Filter>Source Files\ccOS\exeThread</Filter>
    </ClCompile>
    <ClCompile Include="..\ccOS\ccNOos\consoleMenu\console_menu_class.cpp">
      <Filter>Source Files\ccOS\ccNOos\consoleMenu</Filter>
    </ClCompile>
    <ClCompile Include="..\ccOS\ccNOos\computeModule\compute_module_class.cpp">
      <Filter>Source Files\ccOS\ccNOos\computeModule</Filter>
    </ClCompile>
    <ClCompile Include="..\ccOS\ccNOos\executionSystem\execution_system_class.cpp">
      <Filter>Source Files\ccOS\ccNOos\executionSystem</Filter>
    </ClCompile>
    <ClCompile Include="..\ccOS\ccNOos\ioDevice\io_device_class.cpp">
      <Filter>Source Files\ccOS\ccNOos\ioDevice</Filter>
    </ClCompile>
    <ClCompile Include="..\ccOS\ccNOos\tests\testMainFiles\ccNOos_Tests\WIN32\Application_Platform_Main.cpp">
      <Filter>Source Files\ccOS\ccNOos\tests\testMainFiles\ccNOos_Tests\WIN32</Filter>
    </ClCompile>
    <ClCompile Include="..\ccOS\ccNOos\tests\testMainFiles\SatComACS\WIN32\Application_Platform_Main.cpp">
      <Filter>Source Files\ccOS\ccNOos\tests\testMainFiles\SatComACS\WIN32</Filter>
    </ClCompile>
    <ClCompile Include="..\ccOS\ccNOos\tests\testMainFiles\SysTick\WIN32\Application_Platform_Main.cpp">
      <Filter>Source Files\ccOS\ccNOos\tests\testMainFiles\SysTick\WIN32</Filter>
    </ClCompile>
    <ClCompile Include="..\ccOS\ccLibs\acs\NOAA_WMM\GeomagnetismLibrary.c">
      <Filter>Source Files\ccOS\ccLibs\acs\NOAA-WMM</Filter>
    </ClCompile>
    <ClCompile Include="..\ccOS\tests\testMainFiles\ccACU\WIN32\Application_Platform_Main.cpp">
      <Filter>Source Files\ccOS\tests\testMainFiles\ccACU\WIN32</Filter>
    </ClCompile>
    <ClCompile Include="..\ccOS\tests\testMainFiles\ccOS_Tests\WIN32\Application_Platform_Main.cpp">
      <Filter>Source Files\ccOS\tests\testMainFiles\ccOS_Tests\WIN32</Filter>
    </ClCompile>
    <ClCompile Include="..\ccOS\tests\testApps\ccACU\osApp_Solution.cpp">
      <Filter>Source Files\ccOS\tests\testApps\ccACU</Filter>
    </ClCompile>
    <ClCompile Include="..\ccOS\tests\testApps\ccACU\osApp_Serialization.cpp">
      <Filter>Source Files\ccOS\tests\testApps\ccACU</Filter>
    </ClCompile>
    <ClCompile Include="..\ccOS\tests\testApps\ccOS_Tests\Application_Solution.cpp">
      <Filter>Source Files\ccOS\tests\testApps\ccOS_Tests</Filter>
    </ClCompile>
    <ClCompile Include="..\ccOS\tests\testApps\ccOS_Tests\PlatformApp_Serialization.cpp">
      <Filter>Source Files\ccOS\tests\testApps\ccOS_Tests</Filter>
    </ClCompile>
    <ClCompile Include="..\ccOS\ccLibs\devices\adafruit_ft232h\adafruit_ft232h.cpp">
      <Filter>Source Files\ccOS\ccLibs\devices\adafruit_ft232h</Filter>
    </ClCompile>
    <ClCompile Include="..\ccOS\tests\testApps\ccACU\apiModules\CGI_ServerClass\CGIServerClass.cpp">
      <Filter>Source Files\ccOS\tests\testApps\ccACU\apiModules\CGI_ServerClass</Filter>
    </ClCompile>
    <ClCompile Include="..\ccOS\tests\testApps\ccACU\apiModules\UI_ServerClass\UIServerClass.cpp">
      <Filter>Source Files\ccOS\tests\testApps\ccACU\apiModules\UI_ServerClass</Filter>
    </ClCompile>
    <ClCompile Include="..\ccOS\tests\testApps\ccACU\apiModules\SNMP_AgentsServer\SNMPAgentsServer.cpp">
      <Filter>Source Files\ccOS\tests\testApps\ccACU\apiModules\SNMP_AgentsServer</Filter>
    </ClCompile>
    <ClCompile Include="..\ccOS\tests\testApps\ccACU\deviceModules\APT_WMM\APT_WMM_Class.cpp">
      <Filter>Source Files\ccOS\tests\testApps\ccACU\deviceModules\APT_WMM</Filter>
    </ClCompile>
    <ClCompile Include="..\ccOS\tests\testApps\ccACU\deviceModules\ManagedSwitch\ManagedSwitchClass.cpp">
      <Filter>Source Files\ccOS\tests\testApps\ccACU\deviceModules\ManagedSwitch</Filter>
    </ClCompile>
    <ClCompile Include="..\ccOS\tests\testApps\ccACU\deviceModules\Modem\ModemClass.cpp">
      <Filter>Source Files\ccOS\tests\testApps\ccACU\deviceModules\Modem</Filter>
    </ClCompile>
    <ClCompile Include="..\ccOS\tests\testApps\ccACU\deviceModules\TPM\TPM_Class.cpp">
      <Filter>Source Files\ccOS\tests\testApps\ccACU\deviceModules\TPM</Filter>
    </ClCompile>
    <ClCompile Include="..\ccOS\tests\testApps\ccACU\deviceModules\TxRx\TxRx_Class.cpp">
      <Filter>Source Files\ccOS\tests\testApps\ccACU\deviceModules\TxRx</Filter>
    </ClCompile>
    <ClCompile Include="..\ccOS\ccNOos\ccLibs\acs\satComControl.cpp">
      <Filter>Source Files\ccOS\ccNOos\ccLibs\acs</Filter>
    </ClCompile>
    <ClCompile Include="..\ccOS\ccNOos\ccLibs\devices\ADRF6650\ADRF6650.cpp">
      <Filter>Source Files\ccOS\ccNOos\ccLibs\devices\ADRF6650</Filter>
    </ClCompile>
    <ClCompile Include="..\ccOS\ccNOos\ccLibs\devices\HMR3300\HMR3300.cpp">
      <Filter>Source Files\ccOS\ccNOos\ccLibs\devices\HMR3300</Filter>
    </ClCompile>
    <ClCompile Include="..\ccOS\ccNOos\ccLibs\devices\LTC2360\LTC2360.cpp">
      <Filter>Source Files\ccOS\ccNOos\ccLibs\devices\LTC2360</Filter>
    </ClCompile>
    <ClCompile Include="..\ccOS\ccNOos\ccLibs\devices\NEO_LEA_M8T\NEO_LEA_M8T.cpp">
      <Filter>Source Files\ccOS\ccNOos\ccLibs\devices\NEO_LEA_M8T</Filter>
    </ClCompile>
    <ClCompile Include="..\ccOS\ccNOos\ccLibs\mcs\motionControl.cpp">
      <Filter>Source Files\ccOS\ccNOos\ccLibs\mcs</Filter>
    </ClCompile>
    <ClCompile Include="..\ccOS\ccNOos\tests\testApps\SatComACS\deviceModules\APT_WMM\APTmodule.cpp">
      <Filter>Source Files\ccOS\ccNOos\tests\testApps\SatComACS\deviceModules\APT_WMM</Filter>
    </ClCompile>
    <ClCompile Include="..\ccOS\ccNOos\tests\testApps\SatComACS\deviceModules\TPM\TPMmodule.cpp">
      <Filter>Source Files\ccOS\ccNOos\tests\testApps\SatComACS\deviceModules\TPM</Filter>
    </ClCompile>
    <ClCompile Include="..\ccOS\ccNOos\tests\testApps\SatComACS\deviceModules\TxRx\TxRxmodule.cpp">
      <Filter>Source Files\ccOS\ccNOos\tests\testApps\SatComACS\deviceModules\TxRx</Filter>
    </ClCompile>
    <ClCompile Include="..\ccOS\ccNOos\tests\testApps\SatComACS\apiModules\ConsoleMenu\MenuAPI.cpp">
      <Filter>Source Files\ccOS\ccNOos\tests\testApps\SatComACS\apiModules\ConsoleMenu</Filter>
    </ClCompile>
    <ClCompile Include="..\ccOS\ccNOos\tests\testApps\SatComACS\apiModules\LCDKeyPad\LCDapi.cpp">
      <Filter>Source Files\ccOS\ccNOos\tests\testApps\SatComACS\apiModules\LCDKeyPad</Filter>
    </ClCompile>
  </ItemGroup>
  <ItemGroup>
    <ClInclude Include="..\ccOS\ccNOos\tests\testApps\SysTick\Application_Solution.h">
      <Filter>Header Files\ccOS\ccNOos\tests\testApps\SysTick</Filter>
    </ClInclude>
    <ClInclude Include="..\ccOS\ccNOos\tests\testApps\SysTick\PlatformApp_Serialization.h">
      <Filter>Header Files\ccOS\ccNOos\tests\testApps\SysTick</Filter>
    </ClInclude>
    <ClInclude Include="..\ccOS\ccNOos\tests\testApps\SysTick\Application_Solution.c">
      <Filter>Source Files\ccOS\ccNOos\tests\testApps\SysTick</Filter>
    </ClInclude>
    <ClInclude Include="..\ccOS\ccNOos\tests\testApps\SatComACS\Application_Solution.h">
      <Filter>Header Files\ccOS\ccNOos\tests\testApps\SatComACS</Filter>
    </ClInclude>
    <ClInclude Include="..\ccOS\ccNOos\tests\testApps\SatComACS\PlatformApp_Serialization.h">
      <Filter>Header Files\ccOS\ccNOos\tests\testApps\SatComACS</Filter>
    </ClInclude>
    <ClInclude Include="..\ccOS\ccNOos\tests\testApps\ccNOos_Tests\Application_Solution.h">
      <Filter>Header Files\ccOS\ccNOos\tests\testApps\ccNOos_Tests</Filter>
    </ClInclude>
    <ClInclude Include="..\ccOS\ccNOos\tests\testApps\ccNOos_Tests\PlatformApp_Serialization.h">
      <Filter>Header Files\ccOS\ccNOos\tests\testApps\ccNOos_Tests</Filter>
    </ClInclude>
    <ClInclude Include="..\ccOS\ccNOos\tests\testApps\ccNOos_Tests\Application_Solution.c">
      <Filter>Source Files\ccOS\ccNOos\tests\testApps\ccNOos_Tests</Filter>
    </ClInclude>
    <ClInclude Include="..\ccOS\udpComms\udp_comms.hpp">
      <Filter>Header Files\ccOS\udpComms</Filter>
    </ClInclude>
    <ClInclude Include="..\ccOS\tcpComms\tcp_comms.hpp">
      <Filter>Header Files\ccOS\tcpComms</Filter>
    </ClInclude>
    <ClInclude Include="..\ccOS\stdIOExtProc\stdio_extproc.hpp">
      <Filter>Header Files\ccOS\stdIOExtProc</Filter>
    </ClInclude>
    <ClInclude Include="..\ccOS\osExecutionSystem\os_execution_system.hpp">
      <Filter>Header Files\ccOS\osExecutionSystem</Filter>
    </ClInclude>
    <ClInclude Include="..\ccOS\exeThread\exe_thread.hpp">
      <Filter>Header Files\ccOS\exeThread</Filter>
    </ClInclude>
    <ClInclude Include="..\ccOS\ccNOos\ccLibs\acs\satComControl.h">
      <Filter>Header Files\ccOS\ccNOos\ccLibs\acs</Filter>
    </ClInclude>
    <ClInclude Include="..\ccOS\ccNOos\ccLibs\mcs\motionControl.h">
      <Filter>Header Files\ccOS\ccNOos\ccLibs\mcs</Filter>
    </ClInclude>
    <ClInclude Include="..\ccOS\ccNOos\computeModule\compute_module.h">
      <Filter>Header Files\ccOS\ccNOos\computeModule</Filter>
    </ClInclude>
    <ClInclude Include="..\ccOS\ccNOos\consoleMenu\console_menu.h">
      <Filter>Header Files\ccOS\ccNOos\consoleMenu</Filter>
    </ClInclude>
    <ClInclude Include="..\ccOS\ccNOos\executionSystem\execution_system.h">
      <Filter>Header Files\ccOS\ccNOos\executionSystem</Filter>
    </ClInclude>
    <ClInclude Include="..\ccOS\ccNOos\executionSystem\version_config.h">
      <Filter>Header Files\ccOS\ccNOos\executionSystem</Filter>
    </ClInclude>
    <ClInclude Include="..\ccOS\ccNOos\ioDevice\io_device.h">
      <Filter>Header Files\ccOS\ccNOos\ioDevice</Filter>
    </ClInclude>
    <ClInclude Include="..\ccOS\ccNOos\computeModule\compute_module.c">
      <Filter>Source Files\ccOS\ccNOos\computeModule</Filter>
    </ClInclude>
    <ClInclude Include="..\ccOS\ccNOos\consoleMenu\console_menu.c">
      <Filter>Source Files\ccOS\ccNOos\consoleMenu</Filter>
    </ClInclude>
    <ClInclude Include="..\ccOS\ccNOos\executionSystem\execution_system.c">
      <Filter>Source Files\ccOS\ccNOos\executionSystem</Filter>
    </ClInclude>
    <ClInclude Include="..\ccOS\ccNOos\ioDevice\io_device.c">
      <Filter>Source Files\ccOS\ccNOos\ioDevice</Filter>
    </ClInclude>
    <ClInclude Include="..\ccOS\ccNOos\tests\testApps\SatComACS\Application_Solution.c">
      <Filter>Source Files\ccOS\ccNOos\tests\testApps\SatComACS</Filter>
    </ClInclude>
    <ClInclude Include="..\ccOS\ccNOos\tests\testApps\SysTick\PlatformApp_Serialization.c">
      <Filter>Source Files\ccOS\ccNOos\tests\testApps\SysTick</Filter>
    </ClInclude>
    <ClInclude Include="..\ccOS\ccNOos\tests\testApps\SatComACS\PlatformApp_Serialization.c">
      <Filter>Source Files\ccOS\ccNOos\tests\testApps\SatComACS</Filter>
    </ClInclude>
    <ClInclude Include="..\ccOS\ccNOos\tests\testApps\ccNOos_Tests\PlatformApp_Serialization.c">
      <Filter>Source Files\ccOS\ccNOos\tests\testApps\ccNOos_Tests</Filter>
    </ClInclude>
    <ClInclude Include="..\ccOS\ccNOos\tests\testMainFiles\ccNOos_Tests\WIN32\Application_Platform_Main.c">
      <Filter>Source Files\ccOS\ccNOos\tests\testMainFiles\ccNOos_Tests\WIN32</Filter>
    </ClInclude>
    <ClInclude Include="..\ccOS\ccNOos\tests\testMainFiles\SatComACS\WIN32\Application_Platform_Main.c">
      <Filter>Source Files\ccOS\ccNOos\tests\testMainFiles\SatComACS\WIN32</Filter>
    </ClInclude>
    <ClInclude Include="..\ccOS\ccNOos\tests\testMainFiles\SysTick\WIN32\Application_Platform_Main.c">
      <Filter>Source Files\ccOS\ccNOos\tests\testMainFiles\SysTick\WIN32</Filter>
    </ClInclude>
    <ClInclude Include="..\ccOS\ccLibs\acs\NOAA_WMM\EGM9615.h">
      <Filter>Header Files\ccOS\ccLibs\acs\NOAA-WMM</Filter>
    </ClInclude>
    <ClInclude Include="..\ccOS\ccLibs\acs\NOAA_WMM\GeomagnetismHeader.h">
      <Filter>Header Files\ccOS\ccLibs\acs\NOAA-WMM</Filter>
    </ClInclude>
    <ClInclude Include="..\ccOS\tests\testMainFiles\ccACU\WIN32\Application_Platform_Main.hpp">
      <Filter>Header Files\ccOS\tests\testMainFiles\ccACU\WIN32</Filter>
    </ClInclude>
    <ClInclude Include="..\ccOS\tests\testMainFiles\ccOS_Tests\WIN32\Application_Platform_Main.hpp">
      <Filter>Header Files\ccOS\tests\testMainFiles\ccOS_Tests\WIN32</Filter>
    </ClInclude>
    <ClInclude Include="..\ccOS\tests\testApps\ccACU\osApp_Solution.hpp">
      <Filter>Header Files\ccOS\tests\testApps\ccACU</Filter>
    </ClInclude>
    <ClInclude Include="..\ccOS\tests\testApps\ccACU\osApp_Serialization.hpp">
      <Filter>Header Files\ccOS\tests\testApps\ccACU</Filter>
    </ClInclude>
    <ClInclude Include="..\ccOS\tests\testApps\ccOS_Tests\Application_Solution.hpp">
      <Filter>Header Files\ccOS\tests\testApps\ccOS_Tests</Filter>
    </ClInclude>
    <ClInclude Include="..\ccOS\tests\testApps\ccOS_Tests\PlatformApp_Serialization.hpp">
      <Filter>Header Files\ccOS\tests\testApps\ccOS_Tests</Filter>
    </ClInclude>
    <ClInclude Include="..\ccOS\osExecutionSystem\version_config.hpp">
      <Filter>Header Files\ccOS\osExecutionSystem</Filter>
    </ClInclude>
    <ClInclude Include="..\ccOS\ccNOos\tests\testPlatforms\Platform_Win32.h">
      <Filter>Header Files\ccOS\ccNOos\tests\testPlatforms</Filter>
    </ClInclude>
    <ClInclude Include="..\ccOS\ccNOos\ccLibs\devices\HMR3300\HMR3300.h">
      <Filter>Header Files\ccOS\ccNOos\ccLibs\devices\HMR3300</Filter>
    </ClInclude>
    <ClInclude Include="..\ccOS\ccNOos\ccLibs\devices\NEO_LEA_M8T\NEO_LEA_M8T.h">
      <Filter>Header Files\ccOS\ccNOos\ccLibs\devices\NEO_LEA_M8T</Filter>
    </ClInclude>
    <ClInclude Include="..\ccOS\ccNOos\ccLibs\devices\ADRF6650\ADRF6650_Map.h">
      <Filter>Header Files\ccOS\ccNOos\ccLibs\devices\ADRF6650</Filter>
    </ClInclude>
    <ClInclude Include="..\ccOS\ccNOos\ccLibs\devices\ADRF6650\ADRF6650.h">
      <Filter>Header Files\ccOS\ccNOos\ccLibs\devices\ADRF6650</Filter>
    </ClInclude>
    <ClInclude Include="..\ccOS\ccNOos\ccLibs\devices\LTC2360\LTC2360.h">
      <Filter>Header Files\ccOS\ccNOos\ccLibs\devices\LTC2360</Filter>
    </ClInclude>
    <ClInclude Include="..\ccOS\tests\testApps\ccACU\apiModules\CGI_ServerClass\CGIServerClass.hpp">
      <Filter>Header Files\ccOS\tests\testApps\ccACU\apiModules\CGI_ServerClass</Filter>
    </ClInclude>
    <ClInclude Include="..\ccOS\tests\testApps\ccACU\apiModules\UI_ServerClass\UIServerClass.hpp">
      <Filter>Header Files\ccOS\tests\testApps\ccACU\apiModules\UI_ServerClass</Filter>
    </ClInclude>
    <ClInclude Include="..\ccOS\tests\testApps\ccACU\apiModules\SNMP_AgentsServer\SNMPAgentsServer.hpp">
      <Filter>Header Files\ccOS\tests\testApps\ccACU\apiModules\SNMP_AgentsServer</Filter>
    </ClInclude>
    <ClInclude Include="..\ccOS\tests\testApps\ccACU\deviceModules\APT_WMM\APT_WMM_Class.hpp">
      <Filter>Header Files\ccOS\tests\testApps\ccACU\deviceModules\APT_WMM</Filter>
    </ClInclude>
    <ClInclude Include="..\ccOS\tests\testApps\ccACU\deviceModules\ManagedSwitch\ManagedSwitchClass.hpp">
      <Filter>Header Files\ccOS\tests\testApps\ccACU\deviceModules\ManagedSwitch</Filter>
    </ClInclude>
    <ClInclude Include="..\ccOS\tests\testApps\ccACU\deviceModules\Modem\ModemClass.hpp">
      <Filter>Header Files\ccOS\tests\testApps\ccACU\deviceModules\Modem</Filter>
    </ClInclude>
    <ClInclude Include="..\ccOS\tests\testApps\ccACU\deviceModules\TPM\TPM_Class.hpp">
      <Filter>Header Files\ccOS\tests\testApps\ccACU\deviceModules\TPM</Filter>
    </ClInclude>
    <ClInclude Include="..\ccOS\tests\testApps\ccACU\deviceModules\TxRx\TxRx_Class.hpp">
      <Filter>Header Files\ccOS\tests\testApps\ccACU\deviceModules\TxRx</Filter>
    </ClInclude>
    <ClInclude Include="..\ccOS\serialComms\serial_comms.h">
      <Filter>Header Files\ccOS\serialComms</Filter>
    </ClInclude>
    <ClInclude Include="..\ccOS\ccLibs\devices\adafruit_ft232h\adafruit_ft232h.h">
      <Filter>Header Files\ccOS\ccLibs\devices\adafruit_ft232h</Filter>
    </ClInclude>
    <ClInclude Include="..\ccOS\ccLibs\devices\adafruit_ft232h\adafruit_ft232h.c">
      <Filter>Source Files\ccOS\ccLibs\devices\adafruit_ft232h</Filter>
    </ClInclude>
    <ClInclude Include="..\ccOS\ccNOos\ccLibs\acs\satComControl.c">
      <Filter>Source Files\ccOS\ccNOos\ccLibs\acs</Filter>
    </ClInclude>
    <ClInclude Include="..\ccOS\ccNOos\ccLibs\devices\ADRF6650\ADRF6650.c">
      <Filter>Source Files\ccOS\ccNOos\ccLibs\devices\ADRF6650</Filter>
    </ClInclude>
    <ClInclude Include="..\ccOS\ccNOos\ccLibs\devices\HMR3300\HMR3300.c">
      <Filter>Source Files\ccOS\ccNOos\ccLibs\devices\HMR3300</Filter>
    </ClInclude>
    <ClInclude Include="..\ccOS\ccNOos\ccLibs\devices\LTC2360\LTC2360.c">
      <Filter>Source Files\ccOS\ccNOos\ccLibs\devices\LTC2360</Filter>
    </ClInclude>
    <ClInclude Include="..\ccOS\ccNOos\ccLibs\devices\NEO_LEA_M8T\NEO_LEA_M8T.c">
      <Filter>Source Files\ccOS\ccNOos\ccLibs\devices\NEO_LEA_M8T</Filter>
    </ClInclude>
    <ClInclude Include="..\ccOS\serialComms\serial_comms.c">
      <Filter>Source Files\ccOS\serialComms</Filter>
    </ClInclude>
    <ClInclude Include="..\ccOS\ccNOos\ccLibs\mcs\motionControl.c">
      <Filter>Source Files\ccOS\ccNOos\ccLibs\mcs</Filter>
    </ClInclude>
    <ClInclude Include="..\ccOS\ccNOos\tests\testApps\SatComACS\deviceModules\APT_WMM\APTmodule.h">
      <Filter>Header Files\ccOS\ccNOos\tests\testApps\SatComACS\deviceModules\APT_WMM</Filter>
    </ClInclude>
    <ClInclude Include="..\ccOS\ccNOos\tests\testApps\SatComACS\deviceModules\APT_WMM\APTmodule.c">
      <Filter>Source Files\ccOS\ccNOos\tests\testApps\SatComACS\deviceModules\APT_WMM</Filter>
    </ClInclude>
    <ClInclude Include="..\ccOS\ccNOos\tests\testApps\SatComACS\deviceModules\TPM\TPMmodule.c">
      <Filter>Source Files\ccOS\ccNOos\tests\testApps\SatComACS\deviceModules\TPM</Filter>
    </ClInclude>
    <ClInclude Include="..\ccOS\ccNOos\tests\testApps\SatComACS\deviceModules\TPM\TPMmodule.h">
      <Filter>Header Files\ccOS\ccNOos\tests\testApps\SatComACS\deviceModules\TPM</Filter>
    </ClInclude>
    <ClInclude Include="..\ccOS\ccNOos\tests\testApps\SatComACS\deviceModules\TxRx\TxRxmodule.h">
      <Filter>Header Files\ccOS\ccNOos\tests\testApps\SatComACS\deviceModules\TxRx</Filter>
    </ClInclude>
    <ClInclude Include="..\ccOS\ccNOos\tests\testApps\SatComACS\deviceModules\TxRx\TxRxmodule.c">
      <Filter>Source Files\ccOS\ccNOos\tests\testApps\SatComACS\deviceModules\TxRx</Filter>
    </ClInclude>
    <ClInclude Include="..\ccOS\ccNOos\tests\testApps\SatComACS\apiModules\LCDKeyPad\LCDapi.h">
      <Filter>Header Files\ccOS\ccNOos\tests\testApps\SatComACS\apiModules\LCDKeypad</Filter>
    </ClInclude>
    <ClInclude Include="..\ccOS\ccNOos\tests\testApps\SatComACS\apiModules\ConsoleMenu\MenuAPI.h">
      <Filter>Header Files\ccOS\ccNOos\tests\testApps\SatComACS\apiModules\ConsoleMenu</Filter>
    </ClInclude>
    <ClInclude Include="..\ccOS\ccNOos\tests\testApps\SatComACS\apiModules\LCDKeyPad\LCDapi.c">
      <Filter>Source Files\ccOS\ccNOos\tests\testApps\SatComACS\apiModules\LCDKeyPad</Filter>
    </ClInclude>
    <ClInclude Include="..\ccOS\ccNOos\tests\testApps\SatComACS\apiModules\ConsoleMenu\MenuAPI.c">
      <Filter>Source Files\ccOS\ccNOos\tests\testApps\SatComACS\apiModules\ConsoleMenu</Filter>
    </ClInclude>
  </ItemGroup>
</Project>